<?xml version="1.0" encoding="utf-8"?>
<Project ToolsVersion="4.0" xmlns="http://schemas.microsoft.com/developer/msbuild/2003">
  <ItemGroup>
    <Filter Include="ソース ファイル">
      <UniqueIdentifier>{4FC737F1-C7A5-4376-A066-2A32D752A2FF}</UniqueIdentifier>
      <Extensions>cpp;c;cc;cxx;c++;cppm;ixx;def;odl;idl;hpj;bat;asm;asmx</Extensions>
    </Filter>
    <Filter Include="ヘッダー ファイル">
      <UniqueIdentifier>{93995380-89BD-4b04-88EB-625FBE52EBFB}</UniqueIdentifier>
      <Extensions>h;hh;hpp;hxx;h++;hm;inl;inc;ipp;xsd</Extensions>
    </Filter>
    <Filter Include="リソース ファイル">
      <UniqueIdentifier>{67DA6AB6-F800-4c08-8B7A-83BB121AAD01}</UniqueIdentifier>
      <Extensions>rc;ico;cur;bmp;dlg;rc2;rct;bin;rgs;gif;jpg;jpeg;jpe;resx;tiff;tif;png;wav;mfcribbon-ms</Extensions>
    </Filter>
    <Filter Include="リソース ファイル\shader">
      <UniqueIdentifier>{89e7cc6b-5453-41c5-99f8-4a559ff693a4}</UniqueIdentifier>
    </Filter>
    <Filter Include="ソース ファイル\Audio">
      <UniqueIdentifier>{20cc0ab4-89ba-46a5-8aea-09fd4247ae67}</UniqueIdentifier>
    </Filter>
    <Filter Include="ソース ファイル\Model">
      <UniqueIdentifier>{a5f8ecb6-a46e-41dc-99e5-b57b9ae6b71d}</UniqueIdentifier>
    </Filter>
    <Filter Include="ソース ファイル\Model\Animetion">
      <UniqueIdentifier>{8259cfba-80d4-4b5b-93bc-c93a15d2e1cd}</UniqueIdentifier>
    </Filter>
    <Filter Include="ソース ファイル\System">
      <UniqueIdentifier>{e185a88c-60bf-405d-b212-71909a6c6ef2}</UniqueIdentifier>
    </Filter>
    <Filter Include="ソース ファイル\Model\Assimp">
      <UniqueIdentifier>{c06b040a-e7cc-4a46-982a-670f58b6e177}</UniqueIdentifier>
    </Filter>
    <Filter Include="ソース ファイル\Character">
      <UniqueIdentifier>{87b322dd-de4c-43eb-b9c3-ff260e65df1a}</UniqueIdentifier>
    </Filter>
    <Filter Include="ソース ファイル\Character\Player">
      <UniqueIdentifier>{b3e0fea6-b5ba-4bb9-8626-4de183deaa4a}</UniqueIdentifier>
    </Filter>
    <Filter Include="ソース ファイル\Character\Enemy">
      <UniqueIdentifier>{dc5fdf0b-3007-4279-8223-9ea271092231}</UniqueIdentifier>
    </Filter>
    <Filter Include="ソース ファイル\Scene">
      <UniqueIdentifier>{30e21a85-e32a-4c0d-80af-df92d48f3af5}</UniqueIdentifier>
    </Filter>
    <Filter Include="ソース ファイル\Object">
      <UniqueIdentifier>{bb6051e5-3d73-41b9-b36f-f2feb6e199f3}</UniqueIdentifier>
    </Filter>
    <Filter Include="ソース ファイル\Object\Box">
      <UniqueIdentifier>{058fb38c-5add-4e12-8925-f9d5d45f9219}</UniqueIdentifier>
    </Filter>
    <Filter Include="ソース ファイル\Object\Bullet">
      <UniqueIdentifier>{1a356572-4cc5-4fc2-b6e3-ea2608d80898}</UniqueIdentifier>
    </Filter>
    <Filter Include="ソース ファイル\Camera">
      <UniqueIdentifier>{00993162-76a0-4a40-9d60-79a925ed93eb}</UniqueIdentifier>
    </Filter>
    <Filter Include="ソース ファイル\Mesh">
      <UniqueIdentifier>{4c752b00-2022-4a61-8c1b-cc81bd73af02}</UniqueIdentifier>
    </Filter>
    <Filter Include="ソース ファイル\Object\Collision">
      <UniqueIdentifier>{7882b3af-dbe4-44be-8e62-16da5fde8827}</UniqueIdentifier>
    </Filter>
    <Filter Include="ソース ファイル\Imgui">
      <UniqueIdentifier>{9c588df7-0443-4cb4-95a9-a296c5021c9b}</UniqueIdentifier>
    </Filter>
    <Filter Include="ソース ファイル\Imgui\Manager">
      <UniqueIdentifier>{a903287b-170a-4eb2-9276-b849749228f7}</UniqueIdentifier>
    </Filter>
    <Filter Include="ソース ファイル\Plane">
      <UniqueIdentifier>{b3b65a22-6352-42bd-982f-6a4a9cff8d52}</UniqueIdentifier>
    </Filter>
    <Filter Include="ソース ファイル\Object\Cylinder">
      <UniqueIdentifier>{5381c47b-83b0-4530-ae56-bb9b6113f5c3}</UniqueIdentifier>
    </Filter>
    <Filter Include="ソース ファイル\Object\Field">
      <UniqueIdentifier>{cb511644-fa46-4bd2-90da-5112f0becc87}</UniqueIdentifier>
    </Filter>
    <Filter Include="ソース ファイル\Character\Enemy\Enemy">
      <UniqueIdentifier>{83499947-3843-4173-b149-83e2f84f4266}</UniqueIdentifier>
    </Filter>
    <Filter Include="ソース ファイル\Character\Enemy\Battery">
      <UniqueIdentifier>{42c1204a-1fa9-48d2-af03-0c0f813bdd91}</UniqueIdentifier>
    </Filter>
    <Filter Include="ソース ファイル\Object\Goal">
      <UniqueIdentifier>{4733020b-d139-4335-947a-98c1b8c9d6b4}</UniqueIdentifier>
    </Filter>
    <Filter Include="ソース ファイル\Object\Polygon2D">
      <UniqueIdentifier>{7e0900ac-115c-4a3e-b85a-fbe2f2fc3039}</UniqueIdentifier>
    </Filter>
    <Filter Include="ソース ファイル\Input">
      <UniqueIdentifier>{29fa9b1f-4cd0-4dec-9231-d28960c47be2}</UniqueIdentifier>
    </Filter>
    <Filter Include="ソース ファイル\Object\Score">
      <UniqueIdentifier>{961853d0-90bd-4a7c-ba15-78afd53f6754}</UniqueIdentifier>
    </Filter>
    <Filter Include="ソース ファイル\Time">
      <UniqueIdentifier>{a86eadfe-ef65-40b9-9d0a-6409d7692573}</UniqueIdentifier>
    </Filter>
    <Filter Include="ソース ファイル\Imgui\gui">
      <UniqueIdentifier>{bb2abe5d-41b7-4282-898a-af4a884100c3}</UniqueIdentifier>
    </Filter>
    <Filter Include="ソース ファイル\Character\Enemy\Human">
      <UniqueIdentifier>{5d8d701b-42f3-44ed-b7a1-87e2a5215726}</UniqueIdentifier>
    </Filter>
    <Filter Include="ソース ファイル\Object\BoundingSphere">
      <UniqueIdentifier>{6d32d80b-94af-4ff1-b786-ac0dfaccae5f}</UniqueIdentifier>
    </Filter>
    <Filter Include="ソース ファイル\CollisionUtils">
      <UniqueIdentifier>{7620e19b-06b4-44c7-b9bb-251ce3a49123}</UniqueIdentifier>
    </Filter>
    <Filter Include="ソース ファイル\Object\Bullet\HomingBullet">
      <UniqueIdentifier>{1ca35892-0fc4-4744-a0a4-266d611e1b80}</UniqueIdentifier>
    </Filter>
    <Filter Include="ソース ファイル\Object\Bullet\NormalBullet">
      <UniqueIdentifier>{0763ba5d-e2ee-4768-becc-3736564b2f18}</UniqueIdentifier>
    </Filter>
    <Filter Include="ソース ファイル\Object\Cursol">
      <UniqueIdentifier>{60cd9369-93bd-42e0-ab59-72b7ca1b93e9}</UniqueIdentifier>
    </Filter>
  </ItemGroup>
  <ItemGroup>
    <ClCompile Include="main.cpp">
      <Filter>ソース ファイル</Filter>
    </ClCompile>
    <ClCompile Include="audio.cpp">
      <Filter>ソース ファイル\Audio</Filter>
    </ClCompile>
    <ClCompile Include="animationModel.cpp">
      <Filter>ソース ファイル\Model\Animetion</Filter>
    </ClCompile>
    <ClCompile Include="Application.cpp">
      <Filter>ソース ファイル\System</Filter>
    </ClCompile>
    <ClCompile Include="AssimpModel.cpp">
      <Filter>ソース ファイル\Model\Assimp</Filter>
    </ClCompile>
    <ClCompile Include="player.cpp">
      <Filter>ソース ファイル\Character\Player</Filter>
    </ClCompile>
    <ClCompile Include="box.cpp">
      <Filter>ソース ファイル\Object\Box</Filter>
    </ClCompile>
    <ClCompile Include="bullet.cpp">
      <Filter>ソース ファイル\Object\Bullet</Filter>
    </ClCompile>
    <ClCompile Include="camera.cpp">
      <Filter>ソース ファイル\Camera</Filter>
    </ClCompile>
    <ClCompile Include="collision.cpp">
      <Filter>ソース ファイル\Object\Collision</Filter>
    </ClCompile>
    <ClCompile Include="ImguiManager.cpp">
      <Filter>ソース ファイル\Imgui\Manager</Filter>
    </ClCompile>
    <ClCompile Include="CPlane.cpp">
      <Filter>ソース ファイル\Plane</Filter>
    </ClCompile>
    <ClCompile Include="CPlaneMesh.cpp">
      <Filter>ソース ファイル\Plane</Filter>
    </ClCompile>
    <ClCompile Include="cylinder.cpp">
      <Filter>ソース ファイル\Object\Cylinder</Filter>
    </ClCompile>
    <ClCompile Include="field.cpp">
      <Filter>ソース ファイル\Object\Field</Filter>
    </ClCompile>
    <ClCompile Include="enemy.cpp">
      <Filter>ソース ファイル\Character\Enemy\Enemy</Filter>
    </ClCompile>
    <ClCompile Include="battery.cpp">
      <Filter>ソース ファイル\Character\Enemy\Battery</Filter>
    </ClCompile>
    <ClCompile Include="game.cpp">
      <Filter>ソース ファイル\Scene</Filter>
    </ClCompile>
    <ClCompile Include="goal.cpp">
      <Filter>ソース ファイル\Object\Goal</Filter>
    </ClCompile>
    <ClCompile Include="Polygon2D.cpp">
      <Filter>ソース ファイル\Object\Polygon2D</Filter>
    </ClCompile>
    <ClCompile Include="input.cpp">
      <Filter>ソース ファイル\Input</Filter>
    </ClCompile>
    <ClCompile Include="CUndulationPlaneMesh.cpp">
      <Filter>ソース ファイル\Plane</Filter>
    </ClCompile>
    <ClCompile Include="score.cpp">
      <Filter>ソース ファイル\Object\Score</Filter>
    </ClCompile>
    <ClCompile Include="sky.cpp">
      <Filter>ソース ファイル\Object</Filter>
    </ClCompile>
    <ClCompile Include="shadow.cpp">
      <Filter>ソース ファイル\Object</Filter>
    </ClCompile>
    <ClCompile Include="modelRenderer.cpp">
      <Filter>ソース ファイル\Model</Filter>
    </ClCompile>
    <ClCompile Include="result.cpp">
      <Filter>ソース ファイル\Scene</Filter>
    </ClCompile>
    <ClCompile Include="title.cpp">
      <Filter>ソース ファイル\Scene</Filter>
    </ClCompile>
    <ClCompile Include="explosion.cpp">
      <Filter>ソース ファイル\System</Filter>
    </ClCompile>
    <ClCompile Include="manager.cpp">
      <Filter>ソース ファイル\System</Filter>
    </ClCompile>
    <ClCompile Include="Perlinnoise.cpp">
      <Filter>ソース ファイル\System</Filter>
    </ClCompile>
    <ClCompile Include="renderer.cpp">
      <Filter>ソース ファイル\System</Filter>
    </ClCompile>
    <ClCompile Include="shader.cpp">
      <Filter>ソース ファイル\System</Filter>
    </ClCompile>
    <ClCompile Include="sprite.cpp">
      <Filter>ソース ファイル\System</Filter>
    </ClCompile>
    <ClCompile Include="transition.cpp">
      <Filter>ソース ファイル\System</Filter>
    </ClCompile>
    <ClCompile Include="utftosjisconv.cpp">
      <Filter>ソース ファイル\System</Filter>
    </ClCompile>
    <ClCompile Include="utility.cpp">
      <Filter>ソース ファイル\System</Filter>
    </ClCompile>
    <ClCompile Include="PlayerEvasive.cpp">
      <Filter>ソース ファイル\Character\Player</Filter>
    </ClCompile>
    <ClCompile Include="PlayerFloating.cpp">
      <Filter>ソース ファイル\Character\Player</Filter>
    </ClCompile>
    <ClCompile Include="PlayerMove.cpp">
      <Filter>ソース ファイル\Character\Player</Filter>
    </ClCompile>
    <ClCompile Include="Time.cpp">
      <Filter>ソース ファイル\Time</Filter>
    </ClCompile>
    <ClCompile Include="Delay.cpp">
      <Filter>ソース ファイル\Time</Filter>
    </ClCompile>
    <ClCompile Include="PlayerShot.cpp">
      <Filter>ソース ファイル\Character\Player</Filter>
    </ClCompile>
    <ClCompile Include="ScheduledTask.cpp">
      <Filter>ソース ファイル\Time</Filter>
    </ClCompile>
    <ClCompile Include="Imgui\imgui.cpp">
      <Filter>ソース ファイル\Imgui\gui</Filter>
    </ClCompile>
    <ClCompile Include="Imgui\imgui_demo.cpp">
      <Filter>ソース ファイル\Imgui\gui</Filter>
    </ClCompile>
    <ClCompile Include="Imgui\imgui_draw.cpp">
      <Filter>ソース ファイル\Imgui\gui</Filter>
    </ClCompile>
    <ClCompile Include="Imgui\imgui_impl_dx11.cpp">
      <Filter>ソース ファイル\Imgui\gui</Filter>
    </ClCompile>
    <ClCompile Include="Imgui\imgui_impl_win32.cpp">
      <Filter>ソース ファイル\Imgui\gui</Filter>
    </ClCompile>
    <ClCompile Include="Imgui\imgui_tables.cpp">
      <Filter>ソース ファイル\Imgui\gui</Filter>
    </ClCompile>
    <ClCompile Include="Imgui\imgui_widgets.cpp">
      <Filter>ソース ファイル\Imgui\gui</Filter>
    </ClCompile>
    <ClCompile Include="Random.cpp">
      <Filter>ソース ファイル</Filter>
    </ClCompile>
    <ClCompile Include="HumanEnemy.cpp">
      <Filter>ソース ファイル\Character\Enemy\Human</Filter>
    </ClCompile>
    <ClCompile Include="BoundingSphere.cpp">
      <Filter>ソース ファイル\Object\BoundingSphere</Filter>
    </ClCompile>
    <ClCompile Include="CollisionUtils.cpp">
      <Filter>ソース ファイル\CollisionUtils</Filter>
    </ClCompile>
    <ClCompile Include="HomingBullet.cpp">
      <Filter>ソース ファイル\Object\Bullet\HomingBullet</Filter>
    </ClCompile>
    <ClCompile Include="NormalBallet.cpp">
      <Filter>ソース ファイル\Object\Bullet\NormalBullet</Filter>
    </ClCompile>
    <ClCompile Include="ImguiOperator.cpp">
      <Filter>ソース ファイル\Imgui\gui</Filter>
    </ClCompile>
    <ClCompile Include="SelectCursol.cpp">
      <Filter>ソース ファイル\Object\Cursol</Filter>
    </ClCompile>
  </ItemGroup>
  <ItemGroup>
    <ClInclude Include="main.h">
      <Filter>ソース ファイル</Filter>
    </ClInclude>
    <ClInclude Include="audio.h">
      <Filter>ソース ファイル\Audio</Filter>
    </ClInclude>
    <ClInclude Include="animationModel.h">
      <Filter>ソース ファイル\Model\Animetion</Filter>
    </ClInclude>
    <ClInclude Include="Application.h">
      <Filter>ソース ファイル\System</Filter>
    </ClInclude>
    <ClInclude Include="AssimpModel.h">
      <Filter>ソース ファイル\Model\Assimp</Filter>
    </ClInclude>
    <ClInclude Include="player.h">
      <Filter>ソース ファイル\Character\Player</Filter>
    </ClInclude>
    <ClInclude Include="box.h">
      <Filter>ソース ファイル\Object\Box</Filter>
    </ClInclude>
    <ClInclude Include="bullet.h">
      <Filter>ソース ファイル\Object\Bullet</Filter>
    </ClInclude>
    <ClInclude Include="camera.h">
      <Filter>ソース ファイル\Camera</Filter>
    </ClInclude>
    <ClInclude Include="CMesh.h">
      <Filter>ソース ファイル\Mesh</Filter>
    </ClInclude>
    <ClInclude Include="CMeshRenderer.h">
      <Filter>ソース ファイル\Mesh</Filter>
    </ClInclude>
    <ClInclude Include="collision.h">
      <Filter>ソース ファイル\Object\Collision</Filter>
    </ClInclude>
    <ClInclude Include="ImguiManager.h">
      <Filter>ソース ファイル\Imgui\Manager</Filter>
    </ClInclude>
    <ClInclude Include="CPlane.h">
      <Filter>ソース ファイル\Plane</Filter>
    </ClInclude>
    <ClInclude Include="CPlaneMesh.h">
      <Filter>ソース ファイル\Plane</Filter>
    </ClInclude>
    <ClInclude Include="cylinder.h">
      <Filter>ソース ファイル\Object\Cylinder</Filter>
    </ClInclude>
    <ClInclude Include="field.h">
      <Filter>ソース ファイル\Object\Field</Filter>
    </ClInclude>
    <ClInclude Include="enemy.h">
      <Filter>ソース ファイル\Character\Enemy\Enemy</Filter>
    </ClInclude>
    <ClInclude Include="battery.h">
      <Filter>ソース ファイル\Character\Enemy\Battery</Filter>
    </ClInclude>
    <ClInclude Include="game.h">
      <Filter>ソース ファイル\Scene</Filter>
    </ClInclude>
    <ClInclude Include="goal.h">
      <Filter>ソース ファイル\Object\Goal</Filter>
    </ClInclude>
    <ClInclude Include="Polygon2D.h">
      <Filter>ソース ファイル\Object\Polygon2D</Filter>
    </ClInclude>
    <ClInclude Include="input.h">
      <Filter>ソース ファイル\Input</Filter>
    </ClInclude>
    <ClInclude Include="CUndulationPlaneMesh.h">
      <Filter>ソース ファイル\Plane</Filter>
    </ClInclude>
    <ClInclude Include="scene.h">
      <Filter>ソース ファイル\Scene</Filter>
    </ClInclude>
    <ClInclude Include="score.h">
      <Filter>ソース ファイル\Object\Score</Filter>
    </ClInclude>
    <ClInclude Include="sky.h">
      <Filter>ソース ファイル\Object</Filter>
    </ClInclude>
    <ClInclude Include="shadow.h">
      <Filter>ソース ファイル\Object</Filter>
    </ClInclude>
    <ClInclude Include="modelRenderer.h">
      <Filter>ソース ファイル\Model</Filter>
    </ClInclude>
    <ClInclude Include="gameObject.h">
      <Filter>ソース ファイル\Object</Filter>
    </ClInclude>
    <ClInclude Include="result.h">
      <Filter>ソース ファイル\Scene</Filter>
    </ClInclude>
    <ClInclude Include="title.h">
      <Filter>ソース ファイル\Scene</Filter>
    </ClInclude>
    <ClInclude Include="CIndexBuffer.h">
      <Filter>ソース ファイル\System</Filter>
    </ClInclude>
    <ClInclude Include="component.h">
      <Filter>ソース ファイル\System</Filter>
    </ClInclude>
    <ClInclude Include="CVertexBuffer.h">
      <Filter>ソース ファイル\System</Filter>
    </ClInclude>
    <ClInclude Include="explosion.h">
      <Filter>ソース ファイル\System</Filter>
    </ClInclude>
    <ClInclude Include="fpscontrol.h">
      <Filter>ソース ファイル\System</Filter>
    </ClInclude>
    <ClInclude Include="manager.h">
      <Filter>ソース ファイル\System</Filter>
    </ClInclude>
    <ClInclude Include="Perlinnoise.h">
      <Filter>ソース ファイル\System</Filter>
    </ClInclude>
    <ClInclude Include="renderer.h">
      <Filter>ソース ファイル\System</Filter>
    </ClInclude>
    <ClInclude Include="shader.h">
      <Filter>ソース ファイル\System</Filter>
    </ClInclude>
    <ClInclude Include="sprite.h">
      <Filter>ソース ファイル\System</Filter>
    </ClInclude>
    <ClInclude Include="transition.h">
      <Filter>ソース ファイル\System</Filter>
    </ClInclude>
    <ClInclude Include="utftosjisconv.h">
      <Filter>ソース ファイル\System</Filter>
    </ClInclude>
    <ClInclude Include="utility.h">
      <Filter>ソース ファイル\System</Filter>
    </ClInclude>
    <ClInclude Include="PlayerEvasive.h">
      <Filter>ソース ファイル\Character\Player</Filter>
    </ClInclude>
    <ClInclude Include="PlayerFloating.h">
      <Filter>ソース ファイル\Character\Player</Filter>
    </ClInclude>
    <ClInclude Include="PlayerMove.h">
      <Filter>ソース ファイル\Character\Player</Filter>
    </ClInclude>
    <ClInclude Include="Time.h">
      <Filter>ソース ファイル\Time</Filter>
    </ClInclude>
    <ClInclude Include="Delay.h">
      <Filter>ソース ファイル\Time</Filter>
    </ClInclude>
    <ClInclude Include="PlayerShot.h">
      <Filter>ソース ファイル\Character\Player</Filter>
    </ClInclude>
    <ClInclude Include="ScheduledTask.h">
      <Filter>ソース ファイル\Time</Filter>
    </ClInclude>
    <ClInclude Include="Imgui\imconfig.h">
      <Filter>ソース ファイル\Imgui\gui</Filter>
    </ClInclude>
    <ClInclude Include="Imgui\imgui.h">
      <Filter>ソース ファイル\Imgui\gui</Filter>
    </ClInclude>
    <ClInclude Include="Imgui\imgui_impl_dx11.h">
      <Filter>ソース ファイル\Imgui\gui</Filter>
    </ClInclude>
    <ClInclude Include="Imgui\imgui_impl_win32.h">
      <Filter>ソース ファイル\Imgui\gui</Filter>
    </ClInclude>
    <ClInclude Include="Imgui\imgui_internal.h">
      <Filter>ソース ファイル\Imgui\gui</Filter>
    </ClInclude>
    <ClInclude Include="Imgui\imstb_rectpack.h">
      <Filter>ソース ファイル\Imgui\gui</Filter>
    </ClInclude>
    <ClInclude Include="Imgui\imstb_textedit.h">
      <Filter>ソース ファイル\Imgui\gui</Filter>
    </ClInclude>
    <ClInclude Include="Imgui\imstb_truetype.h">
      <Filter>ソース ファイル\Imgui\gui</Filter>
    </ClInclude>
    <ClInclude Include="Random.h">
      <Filter>ソース ファイル</Filter>
    </ClInclude>
    <ClInclude Include="BoundingSphere.h">
      <Filter>ソース ファイル\Object\BoundingSphere</Filter>
    </ClInclude>
    <ClInclude Include="CollisionUtils.h">
      <Filter>ソース ファイル\CollisionUtils</Filter>
    </ClInclude>
    <ClInclude Include="HumanEnemy.h">
      <Filter>ソース ファイル\Character\Enemy\Human</Filter>
    </ClInclude>
    <ClInclude Include="HomingBullet.h">
      <Filter>ソース ファイル\Object\Bullet\HomingBullet</Filter>
    </ClInclude>
    <ClInclude Include="NormalBallet.h">
      <Filter>ソース ファイル\Object\Bullet\NormalBullet</Filter>
    </ClInclude>
    <ClInclude Include="Imgui\curve.hpp">
      <Filter>ソース ファイル\Imgui\gui</Filter>
    </ClInclude>
    <ClInclude Include="ImguiOperator.h">
      <Filter>ソース ファイル\Imgui\gui</Filter>
    </ClInclude>
    <ClInclude Include="SelectCursol.h">
      <Filter>ソース ファイル\Object\Cursol</Filter>
    </ClInclude>
  </ItemGroup>
  <ItemGroup>
    <FxCompile Include="shader\common.hlsl">
      <Filter>リソース ファイル\shader</Filter>
    </FxCompile>
    <FxCompile Include="shader\unlitTexturePS.hlsl">
      <Filter>リソース ファイル\shader</Filter>
    </FxCompile>
    <FxCompile Include="shader\unlitTextureVS.hlsl">
      <Filter>リソース ファイル\shader</Filter>
    </FxCompile>
    <FxCompile Include="shader\vertexLightingPS.hlsl">
      <Filter>リソース ファイル\shader</Filter>
    </FxCompile>
    <FxCompile Include="shader\vertexLightingVS.hlsl">
      <Filter>リソース ファイル\shader</Filter>
    </FxCompile>
    <FxCompile Include="shader\vertexLightingOneSkinVS.hlsl">
      <Filter>リソース ファイル\shader</Filter>
    </FxCompile>
    <FxCompile Include="shader\SkyPS.hlsl">
      <Filter>リソース ファイル\shader</Filter>
    </FxCompile>
  </ItemGroup>
</Project>